// !$*UTF8*$!
{
	archiveVersion = 1;
	classes = {
	};
	objectVersion = 51;
	objects = {

/* Begin PBXBuildFile section */
		6365FF6495C08F6E0F016A65 /* Pods_TSF_ConnnectUITests.framework in Frameworks */ = {isa = PBXBuildFile; fileRef = C97B88F89678C5CE04A5104F /* Pods_TSF_ConnnectUITests.framework */; };
		797F027BA6D318DC27E1CA00 /* Pods_TSF_Connnect.framework in Frameworks */ = {isa = PBXBuildFile; fileRef = 64614F2FEA1A96757E8609F9 /* Pods_TSF_Connnect.framework */; };
		C1BA2FB422C12B0800177EAE /* detailsViewController.swift in Sources */ = {isa = PBXBuildFile; fileRef = C1BA2FB322C12B0800177EAE /* detailsViewController.swift */; };
		C1CF12B922BF3591004E89D8 /* AppDelegate.swift in Sources */ = {isa = PBXBuildFile; fileRef = C1CF12B822BF3591004E89D8 /* AppDelegate.swift */; };
		C1CF12BB22BF3591004E89D8 /* ViewController.swift in Sources */ = {isa = PBXBuildFile; fileRef = C1CF12BA22BF3591004E89D8 /* ViewController.swift */; };
		C1CF12C122BF3591004E89D8 /* TSF_Connnect.xcdatamodeld in Sources */ = {isa = PBXBuildFile; fileRef = C1CF12BF22BF3591004E89D8 /* TSF_Connnect.xcdatamodeld */; };
		C1CF12C322BF3594004E89D8 /* Assets.xcassets in Resources */ = {isa = PBXBuildFile; fileRef = C1CF12C222BF3594004E89D8 /* Assets.xcassets */; };
		C1CF12D122BF3594004E89D8 /* TSF_ConnnectTests.swift in Sources */ = {isa = PBXBuildFile; fileRef = C1CF12D022BF3594004E89D8 /* TSF_ConnnectTests.swift */; };
		C1CF12DC22BF3594004E89D8 /* TSF_ConnnectUITests.swift in Sources */ = {isa = PBXBuildFile; fileRef = C1CF12DB22BF3594004E89D8 /* TSF_ConnnectUITests.swift */; };
		C1CF12F222BF4083004E89D8 /* Main.storyboard in Resources */ = {isa = PBXBuildFile; fileRef = C1CF12F022BF4083004E89D8 /* Main.storyboard */; };
		F7211906410EC7BBF182B540 /* Pods_TSF_ConnnectTests.framework in Frameworks */ = {isa = PBXBuildFile; fileRef = 58A4ABF37226B77E97851D8C /* Pods_TSF_ConnnectTests.framework */; };
/* End PBXBuildFile section */

/* Begin PBXContainerItemProxy section */
		C1CF12CD22BF3594004E89D8 /* PBXContainerItemProxy */ = {
			isa = PBXContainerItemProxy;
			containerPortal = C1CF12AD22BF3590004E89D8 /* Project object */;
			proxyType = 1;
			remoteGlobalIDString = C1CF12B422BF3590004E89D8;
			remoteInfo = "TSF Connnect";
		};
		C1CF12D822BF3594004E89D8 /* PBXContainerItemProxy */ = {
			isa = PBXContainerItemProxy;
			containerPortal = C1CF12AD22BF3590004E89D8 /* Project object */;
			proxyType = 1;
			remoteGlobalIDString = C1CF12B422BF3590004E89D8;
			remoteInfo = "TSF Connnect";
		};
/* End PBXContainerItemProxy section */

/* Begin PBXFileReference section */
		01CEB6F70087B3B8277B03AF /* Pods-TSF ConnnectTests.debug.xcconfig */ = {isa = PBXFileReference; includeInIndex = 1; lastKnownFileType = text.xcconfig; name = "Pods-TSF ConnnectTests.debug.xcconfig"; path = "Target Support Files/Pods-TSF ConnnectTests/Pods-TSF ConnnectTests.debug.xcconfig"; sourceTree = "<group>"; };
		042D9DA7DFC11961EE73A298 /* Pods-TSF ConnnectUITests.release.xcconfig */ = {isa = PBXFileReference; includeInIndex = 1; lastKnownFileType = text.xcconfig; name = "Pods-TSF ConnnectUITests.release.xcconfig"; path = "Target Support Files/Pods-TSF ConnnectUITests/Pods-TSF ConnnectUITests.release.xcconfig"; sourceTree = "<group>"; };
		58A4ABF37226B77E97851D8C /* Pods_TSF_ConnnectTests.framework */ = {isa = PBXFileReference; explicitFileType = wrapper.framework; includeInIndex = 0; path = Pods_TSF_ConnnectTests.framework; sourceTree = BUILT_PRODUCTS_DIR; };
		64614F2FEA1A96757E8609F9 /* Pods_TSF_Connnect.framework */ = {isa = PBXFileReference; explicitFileType = wrapper.framework; includeInIndex = 0; path = Pods_TSF_Connnect.framework; sourceTree = BUILT_PRODUCTS_DIR; };
		90A4A6D9E1B5215E7B5035FD /* Pods-TSF Connnect.release.xcconfig */ = {isa = PBXFileReference; includeInIndex = 1; lastKnownFileType = text.xcconfig; name = "Pods-TSF Connnect.release.xcconfig"; path = "Target Support Files/Pods-TSF Connnect/Pods-TSF Connnect.release.xcconfig"; sourceTree = "<group>"; };
		B52ECF2B3050AB0904835BA1 /* Pods-TSF ConnnectUITests.debug.xcconfig */ = {isa = PBXFileReference; includeInIndex = 1; lastKnownFileType = text.xcconfig; name = "Pods-TSF ConnnectUITests.debug.xcconfig"; path = "Target Support Files/Pods-TSF ConnnectUITests/Pods-TSF ConnnectUITests.debug.xcconfig"; sourceTree = "<group>"; };
		C17436B7F3391E1B527A2E2D /* Pods-TSF ConnnectTests.release.xcconfig */ = {isa = PBXFileReference; includeInIndex = 1; lastKnownFileType = text.xcconfig; name = "Pods-TSF ConnnectTests.release.xcconfig"; path = "Target Support Files/Pods-TSF ConnnectTests/Pods-TSF ConnnectTests.release.xcconfig"; sourceTree = "<group>"; };
		C1BA2FB322C12B0800177EAE /* detailsViewController.swift */ = {isa = PBXFileReference; lastKnownFileType = sourcecode.swift; path = detailsViewController.swift; sourceTree = "<group>"; };
		C1CF12B522BF3590004E89D8 /* TSF Connnect.app */ = {isa = PBXFileReference; explicitFileType = wrapper.application; includeInIndex = 0; path = "TSF Connnect.app"; sourceTree = BUILT_PRODUCTS_DIR; };
		C1CF12B822BF3591004E89D8 /* AppDelegate.swift */ = {isa = PBXFileReference; lastKnownFileType = sourcecode.swift; path = AppDelegate.swift; sourceTree = "<group>"; };
		C1CF12BA22BF3591004E89D8 /* ViewController.swift */ = {isa = PBXFileReference; lastKnownFileType = sourcecode.swift; path = ViewController.swift; sourceTree = "<group>"; };
		C1CF12C022BF3591004E89D8 /* TSF_Connnect.xcdatamodel */ = {isa = PBXFileReference; lastKnownFileType = wrapper.xcdatamodel; path = TSF_Connnect.xcdatamodel; sourceTree = "<group>"; };
		C1CF12C222BF3594004E89D8 /* Assets.xcassets */ = {isa = PBXFileReference; lastKnownFileType = folder.assetcatalog; path = Assets.xcassets; sourceTree = "<group>"; };
		C1CF12C722BF3594004E89D8 /* Info.plist */ = {isa = PBXFileReference; lastKnownFileType = text.plist.xml; path = Info.plist; sourceTree = "<group>"; };
		C1CF12CC22BF3594004E89D8 /* TSF ConnnectTests.xctest */ = {isa = PBXFileReference; explicitFileType = wrapper.cfbundle; includeInIndex = 0; path = "TSF ConnnectTests.xctest"; sourceTree = BUILT_PRODUCTS_DIR; };
		C1CF12D022BF3594004E89D8 /* TSF_ConnnectTests.swift */ = {isa = PBXFileReference; lastKnownFileType = sourcecode.swift; path = TSF_ConnnectTests.swift; sourceTree = "<group>"; };
		C1CF12D222BF3594004E89D8 /* Info.plist */ = {isa = PBXFileReference; lastKnownFileType = text.plist.xml; path = Info.plist; sourceTree = "<group>"; };
		C1CF12D722BF3594004E89D8 /* TSF ConnnectUITests.xctest */ = {isa = PBXFileReference; explicitFileType = wrapper.cfbundle; includeInIndex = 0; path = "TSF ConnnectUITests.xctest"; sourceTree = BUILT_PRODUCTS_DIR; };
		C1CF12DB22BF3594004E89D8 /* TSF_ConnnectUITests.swift */ = {isa = PBXFileReference; lastKnownFileType = sourcecode.swift; path = TSF_ConnnectUITests.swift; sourceTree = "<group>"; };
		C1CF12DD22BF3594004E89D8 /* Info.plist */ = {isa = PBXFileReference; lastKnownFileType = text.plist.xml; path = Info.plist; sourceTree = "<group>"; };
		C1CF12F122BF4083004E89D8 /* Base */ = {isa = PBXFileReference; lastKnownFileType = file.storyboard; name = Base; path = Base.lproj/Main.storyboard; sourceTree = "<group>"; };
		C5995D8359F829BCCADC31B8 /* Pods-TSF Connnect.debug.xcconfig */ = {isa = PBXFileReference; includeInIndex = 1; lastKnownFileType = text.xcconfig; name = "Pods-TSF Connnect.debug.xcconfig"; path = "Target Support Files/Pods-TSF Connnect/Pods-TSF Connnect.debug.xcconfig"; sourceTree = "<group>"; };
		C97B88F89678C5CE04A5104F /* Pods_TSF_ConnnectUITests.framework */ = {isa = PBXFileReference; explicitFileType = wrapper.framework; includeInIndex = 0; path = Pods_TSF_ConnnectUITests.framework; sourceTree = BUILT_PRODUCTS_DIR; };
/* End PBXFileReference section */

/* Begin PBXFrameworksBuildPhase section */
		C1CF12B222BF3590004E89D8 /* Frameworks */ = {
			isa = PBXFrameworksBuildPhase;
			buildActionMask = 2147483647;
			files = (
				797F027BA6D318DC27E1CA00 /* Pods_TSF_Connnect.framework in Frameworks */,
			);
			runOnlyForDeploymentPostprocessing = 0;
		};
		C1CF12C922BF3594004E89D8 /* Frameworks */ = {
			isa = PBXFrameworksBuildPhase;
			buildActionMask = 2147483647;
			files = (
				F7211906410EC7BBF182B540 /* Pods_TSF_ConnnectTests.framework in Frameworks */,
			);
			runOnlyForDeploymentPostprocessing = 0;
		};
		C1CF12D422BF3594004E89D8 /* Frameworks */ = {
			isa = PBXFrameworksBuildPhase;
			buildActionMask = 2147483647;
			files = (
				6365FF6495C08F6E0F016A65 /* Pods_TSF_ConnnectUITests.framework in Frameworks */,
			);
			runOnlyForDeploymentPostprocessing = 0;
		};
/* End PBXFrameworksBuildPhase section */

/* Begin PBXGroup section */
		248D7C16FC1FB4E74B24797E /* Frameworks */ = {
			isa = PBXGroup;
			children = (
				64614F2FEA1A96757E8609F9 /* Pods_TSF_Connnect.framework */,
				58A4ABF37226B77E97851D8C /* Pods_TSF_ConnnectTests.framework */,
				C97B88F89678C5CE04A5104F /* Pods_TSF_ConnnectUITests.framework */,
			);
			name = Frameworks;
			sourceTree = "<group>";
		};
		750076F3F913215DA10BE5D9 /* Pods */ = {
			isa = PBXGroup;
			children = (
				C5995D8359F829BCCADC31B8 /* Pods-TSF Connnect.debug.xcconfig */,
				90A4A6D9E1B5215E7B5035FD /* Pods-TSF Connnect.release.xcconfig */,
				01CEB6F70087B3B8277B03AF /* Pods-TSF ConnnectTests.debug.xcconfig */,
				C17436B7F3391E1B527A2E2D /* Pods-TSF ConnnectTests.release.xcconfig */,
				B52ECF2B3050AB0904835BA1 /* Pods-TSF ConnnectUITests.debug.xcconfig */,
				042D9DA7DFC11961EE73A298 /* Pods-TSF ConnnectUITests.release.xcconfig */,
			);
			path = Pods;
			sourceTree = "<group>";
		};
		C1CF12AC22BF3590004E89D8 = {
			isa = PBXGroup;
			children = (
				C1CF12B722BF3590004E89D8 /* TSF Connnect */,
				C1CF12CF22BF3594004E89D8 /* TSF ConnnectTests */,
				C1CF12DA22BF3594004E89D8 /* TSF ConnnectUITests */,
				C1CF12B622BF3590004E89D8 /* Products */,
				750076F3F913215DA10BE5D9 /* Pods */,
				248D7C16FC1FB4E74B24797E /* Frameworks */,
			);
			sourceTree = "<group>";
		};
		C1CF12B622BF3590004E89D8 /* Products */ = {
			isa = PBXGroup;
			children = (
				C1CF12B522BF3590004E89D8 /* TSF Connnect.app */,
				C1CF12CC22BF3594004E89D8 /* TSF ConnnectTests.xctest */,
				C1CF12D722BF3594004E89D8 /* TSF ConnnectUITests.xctest */,
			);
			name = Products;
			sourceTree = "<group>";
		};
		C1CF12B722BF3590004E89D8 /* TSF Connnect */ = {
			isa = PBXGroup;
			children = (
				C1CF12B822BF3591004E89D8 /* AppDelegate.swift */,
				C1CF12BA22BF3591004E89D8 /* ViewController.swift */,
				C1BA2FB322C12B0800177EAE /* detailsViewController.swift */,
				C1CF12F022BF4083004E89D8 /* Main.storyboard */,
				C1CF12C222BF3594004E89D8 /* Assets.xcassets */,
				C1CF12C722BF3594004E89D8 /* Info.plist */,
				C1CF12BF22BF3591004E89D8 /* TSF_Connnect.xcdatamodeld */,
			);
			path = "TSF Connnect";
			sourceTree = "<group>";
		};
		C1CF12CF22BF3594004E89D8 /* TSF ConnnectTests */ = {
			isa = PBXGroup;
			children = (
				C1CF12D022BF3594004E89D8 /* TSF_ConnnectTests.swift */,
				C1CF12D222BF3594004E89D8 /* Info.plist */,
			);
			path = "TSF ConnnectTests";
			sourceTree = "<group>";
		};
		C1CF12DA22BF3594004E89D8 /* TSF ConnnectUITests */ = {
			isa = PBXGroup;
			children = (
				C1CF12DB22BF3594004E89D8 /* TSF_ConnnectUITests.swift */,
				C1CF12DD22BF3594004E89D8 /* Info.plist */,
			);
			path = "TSF ConnnectUITests";
			sourceTree = "<group>";
		};
/* End PBXGroup section */

/* Begin PBXNativeTarget section */
		C1CF12B422BF3590004E89D8 /* TSF Connnect */ = {
			isa = PBXNativeTarget;
			buildConfigurationList = C1CF12E022BF3594004E89D8 /* Build configuration list for PBXNativeTarget "TSF Connnect" */;
			buildPhases = (
				3F67F5CA3C424976FEF69E62 /* [CP] Check Pods Manifest.lock */,
				C1CF12B122BF3590004E89D8 /* Sources */,
				C1CF12B222BF3590004E89D8 /* Frameworks */,
				C1CF12B322BF3590004E89D8 /* Resources */,
				58D2FA43B4A0A0778931F53C /* [CP] Embed Pods Frameworks */,
				365AC45B0F833DDF80395E2A /* [CP] Copy Pods Resources */,
				C1BA2FAA22C0F17E00177EAE /* ShellScript */,
			);
			buildRules = (
			);
			dependencies = (
			);
			name = "TSF Connnect";
			productName = "TSF Connnect";
			productReference = C1CF12B522BF3590004E89D8 /* TSF Connnect.app */;
			productType = "com.apple.product-type.application";
		};
		C1CF12CB22BF3594004E89D8 /* TSF ConnnectTests */ = {
			isa = PBXNativeTarget;
			buildConfigurationList = C1CF12E322BF3594004E89D8 /* Build configuration list for PBXNativeTarget "TSF ConnnectTests" */;
			buildPhases = (
				A1956C3EBBDC70AD6EA6EC6A /* [CP] Check Pods Manifest.lock */,
				C1CF12C822BF3594004E89D8 /* Sources */,
				C1CF12C922BF3594004E89D8 /* Frameworks */,
				C1CF12CA22BF3594004E89D8 /* Resources */,
			);
			buildRules = (
			);
			dependencies = (
				C1CF12CE22BF3594004E89D8 /* PBXTargetDependency */,
			);
			name = "TSF ConnnectTests";
			productName = "TSF ConnnectTests";
			productReference = C1CF12CC22BF3594004E89D8 /* TSF ConnnectTests.xctest */;
			productType = "com.apple.product-type.bundle.unit-test";
		};
		C1CF12D622BF3594004E89D8 /* TSF ConnnectUITests */ = {
			isa = PBXNativeTarget;
			buildConfigurationList = C1CF12E622BF3594004E89D8 /* Build configuration list for PBXNativeTarget "TSF ConnnectUITests" */;
			buildPhases = (
				0BB507AACEB1639A0F2B95FE /* [CP] Check Pods Manifest.lock */,
				C1CF12D322BF3594004E89D8 /* Sources */,
				C1CF12D422BF3594004E89D8 /* Frameworks */,
				C1CF12D522BF3594004E89D8 /* Resources */,
			);
			buildRules = (
			);
			dependencies = (
				C1CF12D922BF3594004E89D8 /* PBXTargetDependency */,
			);
			name = "TSF ConnnectUITests";
			productName = "TSF ConnnectUITests";
			productReference = C1CF12D722BF3594004E89D8 /* TSF ConnnectUITests.xctest */;
			productType = "com.apple.product-type.bundle.ui-testing";
		};
/* End PBXNativeTarget section */

/* Begin PBXProject section */
		C1CF12AD22BF3590004E89D8 /* Project object */ = {
			isa = PBXProject;
			attributes = {
				LastSwiftUpdateCheck = 1010;
				LastUpgradeCheck = 1010;
				ORGANIZATIONNAME = "Syamantak Dhavle";
				TargetAttributes = {
					C1CF12B422BF3590004E89D8 = {
						CreatedOnToolsVersion = 10.1;
						LastSwiftMigration = 1010;
					};
					C1CF12CB22BF3594004E89D8 = {
						CreatedOnToolsVersion = 10.1;
						TestTargetID = C1CF12B422BF3590004E89D8;
					};
					C1CF12D622BF3594004E89D8 = {
						CreatedOnToolsVersion = 10.1;
						TestTargetID = C1CF12B422BF3590004E89D8;
					};
				};
			};
			buildConfigurationList = C1CF12B022BF3590004E89D8 /* Build configuration list for PBXProject "TSF Connnect" */;
			compatibilityVersion = "Xcode 9.3";
			developmentRegion = en;
			hasScannedForEncodings = 0;
			knownRegions = (
				en,
				Base,
			);
			mainGroup = C1CF12AC22BF3590004E89D8;
			productRefGroup = C1CF12B622BF3590004E89D8 /* Products */;
			projectDirPath = "";
			projectRoot = "";
			targets = (
				C1CF12B422BF3590004E89D8 /* TSF Connnect */,
				C1CF12CB22BF3594004E89D8 /* TSF ConnnectTests */,
				C1CF12D622BF3594004E89D8 /* TSF ConnnectUITests */,
			);
		};
/* End PBXProject section */

/* Begin PBXResourcesBuildPhase section */
		C1CF12B322BF3590004E89D8 /* Resources */ = {
			isa = PBXResourcesBuildPhase;
			buildActionMask = 2147483647;
			files = (
				C1CF12F222BF4083004E89D8 /* Main.storyboard in Resources */,
				C1CF12C322BF3594004E89D8 /* Assets.xcassets in Resources */,
			);
			runOnlyForDeploymentPostprocessing = 0;
		};
		C1CF12CA22BF3594004E89D8 /* Resources */ = {
			isa = PBXResourcesBuildPhase;
			buildActionMask = 2147483647;
			files = (
			);
			runOnlyForDeploymentPostprocessing = 0;
		};
		C1CF12D522BF3594004E89D8 /* Resources */ = {
			isa = PBXResourcesBuildPhase;
			buildActionMask = 2147483647;
			files = (
			);
			runOnlyForDeploymentPostprocessing = 0;
		};
/* End PBXResourcesBuildPhase section */

/* Begin PBXShellScriptBuildPhase section */
		0BB507AACEB1639A0F2B95FE /* [CP] Check Pods Manifest.lock */ = {
			isa = PBXShellScriptBuildPhase;
			buildActionMask = 2147483647;
			files = (
			);
			inputFileListPaths = (
			);
			inputPaths = (
				"${PODS_PODFILE_DIR_PATH}/Podfile.lock",
				"${PODS_ROOT}/Manifest.lock",
			);
			name = "[CP] Check Pods Manifest.lock";
			outputFileListPaths = (
			);
			outputPaths = (
				"$(DERIVED_FILE_DIR)/Pods-TSF ConnnectUITests-checkManifestLockResult.txt",
			);
			runOnlyForDeploymentPostprocessing = 0;
			shellPath = /bin/sh;
			shellScript = "diff \"${PODS_PODFILE_DIR_PATH}/Podfile.lock\" \"${PODS_ROOT}/Manifest.lock\" > /dev/null\nif [ $? != 0 ] ; then\n    # print error to STDERR\n    echo \"error: The sandbox is not in sync with the Podfile.lock. Run 'pod install' or update your CocoaPods installation.\" >&2\n    exit 1\nfi\n# This output is used by Xcode 'outputs' to avoid re-running this script phase.\necho \"SUCCESS\" > \"${SCRIPT_OUTPUT_FILE_0}\"\n";
			showEnvVarsInLog = 0;
		};
		365AC45B0F833DDF80395E2A /* [CP] Copy Pods Resources */ = {
			isa = PBXShellScriptBuildPhase;
			buildActionMask = 2147483647;
			files = (
			);
			inputFileListPaths = (
				"${PODS_ROOT}/Target Support Files/Pods-TSF Connnect/Pods-TSF Connnect-resources-${CONFIGURATION}-input-files.xcfilelist",
			);
			name = "[CP] Copy Pods Resources";
			outputFileListPaths = (
				"${PODS_ROOT}/Target Support Files/Pods-TSF Connnect/Pods-TSF Connnect-resources-${CONFIGURATION}-output-files.xcfilelist",
			);
			runOnlyForDeploymentPostprocessing = 0;
			shellPath = /bin/sh;
			shellScript = "\"${PODS_ROOT}/Target Support Files/Pods-TSF Connnect/Pods-TSF Connnect-resources.sh\"\n";
			showEnvVarsInLog = 0;
		};
		3F67F5CA3C424976FEF69E62 /* [CP] Check Pods Manifest.lock */ = {
			isa = PBXShellScriptBuildPhase;
			buildActionMask = 2147483647;
			files = (
			);
			inputFileListPaths = (
			);
			inputPaths = (
				"${PODS_PODFILE_DIR_PATH}/Podfile.lock",
				"${PODS_ROOT}/Manifest.lock",
			);
			name = "[CP] Check Pods Manifest.lock";
			outputFileListPaths = (
			);
			outputPaths = (
				"$(DERIVED_FILE_DIR)/Pods-TSF Connnect-checkManifestLockResult.txt",
			);
			runOnlyForDeploymentPostprocessing = 0;
			shellPath = /bin/sh;
			shellScript = "diff \"${PODS_PODFILE_DIR_PATH}/Podfile.lock\" \"${PODS_ROOT}/Manifest.lock\" > /dev/null\nif [ $? != 0 ] ; then\n    # print error to STDERR\n    echo \"error: The sandbox is not in sync with the Podfile.lock. Run 'pod install' or update your CocoaPods installation.\" >&2\n    exit 1\nfi\n# This output is used by Xcode 'outputs' to avoid re-running this script phase.\necho \"SUCCESS\" > \"${SCRIPT_OUTPUT_FILE_0}\"\n";
			showEnvVarsInLog = 0;
		};
		58D2FA43B4A0A0778931F53C /* [CP] Embed Pods Frameworks */ = {
			isa = PBXShellScriptBuildPhase;
			buildActionMask = 2147483647;
			files = (
			);
			inputFileListPaths = (
				"${PODS_ROOT}/Target Support Files/Pods-TSF Connnect/Pods-TSF Connnect-frameworks-${CONFIGURATION}-input-files.xcfilelist",
			);
			name = "[CP] Embed Pods Frameworks";
			outputFileListPaths = (
				"${PODS_ROOT}/Target Support Files/Pods-TSF Connnect/Pods-TSF Connnect-frameworks-${CONFIGURATION}-output-files.xcfilelist",
			);
			runOnlyForDeploymentPostprocessing = 0;
			shellPath = /bin/sh;
			shellScript = "\"${PODS_ROOT}/Target Support Files/Pods-TSF Connnect/Pods-TSF Connnect-frameworks.sh\"\n";
			showEnvVarsInLog = 0;
		};
		A1956C3EBBDC70AD6EA6EC6A /* [CP] Check Pods Manifest.lock */ = {
			isa = PBXShellScriptBuildPhase;
			buildActionMask = 2147483647;
			files = (
			);
			inputFileListPaths = (
			);
			inputPaths = (
				"${PODS_PODFILE_DIR_PATH}/Podfile.lock",
				"${PODS_ROOT}/Manifest.lock",
			);
			name = "[CP] Check Pods Manifest.lock";
			outputFileListPaths = (
			);
			outputPaths = (
				"$(DERIVED_FILE_DIR)/Pods-TSF ConnnectTests-checkManifestLockResult.txt",
			);
			runOnlyForDeploymentPostprocessing = 0;
			shellPath = /bin/sh;
			shellScript = "diff \"${PODS_PODFILE_DIR_PATH}/Podfile.lock\" \"${PODS_ROOT}/Manifest.lock\" > /dev/null\nif [ $? != 0 ] ; then\n    # print error to STDERR\n    echo \"error: The sandbox is not in sync with the Podfile.lock. Run 'pod install' or update your CocoaPods installation.\" >&2\n    exit 1\nfi\n# This output is used by Xcode 'outputs' to avoid re-running this script phase.\necho \"SUCCESS\" > \"${SCRIPT_OUTPUT_FILE_0}\"\n";
			showEnvVarsInLog = 0;
		};
		C1BA2FAA22C0F17E00177EAE /* ShellScript */ = {
			isa = PBXShellScriptBuildPhase;
			buildActionMask = 2147483647;
			files = (
			);
			inputFileListPaths = (
			);
			inputPaths = (
			);
			outputFileListPaths = (
			);
			outputPaths = (
			);
			runOnlyForDeploymentPostprocessing = 0;
			shellPath = /bin/sh;
			shellScript = "\"${PODS_ROOT}/Fabric/run\" 4833e601e60b6df32e9cfa1aee800431aca9c372 6965077ef4d6cda68080eee1e10a29c3bb885174be9f92bbe62416338eb8accf\n";
		};
/* End PBXShellScriptBuildPhase section */

/* Begin PBXSourcesBuildPhase section */
		C1CF12B122BF3590004E89D8 /* Sources */ = {
			isa = PBXSourcesBuildPhase;
			buildActionMask = 2147483647;
			files = (
				C1BA2FB422C12B0800177EAE /* detailsViewController.swift in Sources */,
				C1CF12BB22BF3591004E89D8 /* ViewController.swift in Sources */,
				C1CF12B922BF3591004E89D8 /* AppDelegate.swift in Sources */,
				C1CF12C122BF3591004E89D8 /* TSF_Connnect.xcdatamodeld in Sources */,
			);
			runOnlyForDeploymentPostprocessing = 0;
		};
		C1CF12C822BF3594004E89D8 /* Sources */ = {
			isa = PBXSourcesBuildPhase;
			buildActionMask = 2147483647;
			files = (
				C1CF12D122BF3594004E89D8 /* TSF_ConnnectTests.swift in Sources */,
			);
			runOnlyForDeploymentPostprocessing = 0;
		};
		C1CF12D322BF3594004E89D8 /* Sources */ = {
			isa = PBXSourcesBuildPhase;
			buildActionMask = 2147483647;
			files = (
				C1CF12DC22BF3594004E89D8 /* TSF_ConnnectUITests.swift in Sources */,
			);
			runOnlyForDeploymentPostprocessing = 0;
		};
/* End PBXSourcesBuildPhase section */

/* Begin PBXTargetDependency section */
		C1CF12CE22BF3594004E89D8 /* PBXTargetDependency */ = {
			isa = PBXTargetDependency;
			target = C1CF12B422BF3590004E89D8 /* TSF Connnect */;
			targetProxy = C1CF12CD22BF3594004E89D8 /* PBXContainerItemProxy */;
		};
		C1CF12D922BF3594004E89D8 /* PBXTargetDependency */ = {
			isa = PBXTargetDependency;
			target = C1CF12B422BF3590004E89D8 /* TSF Connnect */;
			targetProxy = C1CF12D822BF3594004E89D8 /* PBXContainerItemProxy */;
		};
/* End PBXTargetDependency section */

/* Begin PBXVariantGroup section */
		C1CF12F022BF4083004E89D8 /* Main.storyboard */ = {
			isa = PBXVariantGroup;
			children = (
				C1CF12F122BF4083004E89D8 /* Base */,
			);
			name = Main.storyboard;
			sourceTree = "<group>";
		};
/* End PBXVariantGroup section */

/* Begin XCBuildConfiguration section */
		C1CF12DE22BF3594004E89D8 /* Debug */ = {
			isa = XCBuildConfiguration;
			buildSettings = {
				ALWAYS_SEARCH_USER_PATHS = NO;
				CLANG_ANALYZER_NONNULL = YES;
				CLANG_ANALYZER_NUMBER_OBJECT_CONVERSION = YES_AGGRESSIVE;
				CLANG_CXX_LANGUAGE_STANDARD = "gnu++14";
				CLANG_CXX_LIBRARY = "libc++";
				CLANG_ENABLE_MODULES = YES;
				CLANG_ENABLE_OBJC_ARC = YES;
				CLANG_ENABLE_OBJC_WEAK = YES;
				CLANG_WARN_BLOCK_CAPTURE_AUTORELEASING = YES;
				CLANG_WARN_BOOL_CONVERSION = YES;
				CLANG_WARN_COMMA = YES;
				CLANG_WARN_CONSTANT_CONVERSION = YES;
				CLANG_WARN_DEPRECATED_OBJC_IMPLEMENTATIONS = YES;
				CLANG_WARN_DIRECT_OBJC_ISA_USAGE = YES_ERROR;
				CLANG_WARN_DOCUMENTATION_COMMENTS = YES;
				CLANG_WARN_EMPTY_BODY = YES;
				CLANG_WARN_ENUM_CONVERSION = YES;
				CLANG_WARN_INFINITE_RECURSION = YES;
				CLANG_WARN_INT_CONVERSION = YES;
				CLANG_WARN_NON_LITERAL_NULL_CONVERSION = YES;
				CLANG_WARN_OBJC_IMPLICIT_RETAIN_SELF = YES;
				CLANG_WARN_OBJC_LITERAL_CONVERSION = YES;
				CLANG_WARN_OBJC_ROOT_CLASS = YES_ERROR;
				CLANG_WARN_RANGE_LOOP_ANALYSIS = YES;
				CLANG_WARN_STRICT_PROTOTYPES = YES;
				CLANG_WARN_SUSPICIOUS_MOVE = YES;
				CLANG_WARN_UNGUARDED_AVAILABILITY = YES_AGGRESSIVE;
				CLANG_WARN_UNREACHABLE_CODE = YES;
				CLANG_WARN__DUPLICATE_METHOD_MATCH = YES;
				CODE_SIGN_IDENTITY = "iPhone Developer";
				COPY_PHASE_STRIP = NO;
				DEBUG_INFORMATION_FORMAT = dwarf;
				ENABLE_STRICT_OBJC_MSGSEND = YES;
				ENABLE_TESTABILITY = YES;
				GCC_C_LANGUAGE_STANDARD = gnu11;
				GCC_DYNAMIC_NO_PIC = NO;
				GCC_NO_COMMON_BLOCKS = YES;
				GCC_OPTIMIZATION_LEVEL = 0;
				GCC_PREPROCESSOR_DEFINITIONS = (
					"DEBUG=1",
					"$(inherited)",
				);
				GCC_WARN_64_TO_32_BIT_CONVERSION = YES;
				GCC_WARN_ABOUT_RETURN_TYPE = YES_ERROR;
				GCC_WARN_UNDECLARED_SELECTOR = YES;
				GCC_WARN_UNINITIALIZED_AUTOS = YES_AGGRESSIVE;
				GCC_WARN_UNUSED_FUNCTION = YES;
				GCC_WARN_UNUSED_VARIABLE = YES;
				IPHONEOS_DEPLOYMENT_TARGET = 12.1;
				MTL_ENABLE_DEBUG_INFO = INCLUDE_SOURCE;
				MTL_FAST_MATH = YES;
				ONLY_ACTIVE_ARCH = YES;
				SDKROOT = iphoneos;
				SWIFT_ACTIVE_COMPILATION_CONDITIONS = DEBUG;
				SWIFT_OPTIMIZATION_LEVEL = "-Onone";
			};
			name = Debug;
		};
		C1CF12DF22BF3594004E89D8 /* Release */ = {
			isa = XCBuildConfiguration;
			buildSettings = {
				ALWAYS_SEARCH_USER_PATHS = NO;
				CLANG_ANALYZER_NONNULL = YES;
				CLANG_ANALYZER_NUMBER_OBJECT_CONVERSION = YES_AGGRESSIVE;
				CLANG_CXX_LANGUAGE_STANDARD = "gnu++14";
				CLANG_CXX_LIBRARY = "libc++";
				CLANG_ENABLE_MODULES = YES;
				CLANG_ENABLE_OBJC_ARC = YES;
				CLANG_ENABLE_OBJC_WEAK = YES;
				CLANG_WARN_BLOCK_CAPTURE_AUTORELEASING = YES;
				CLANG_WARN_BOOL_CONVERSION = YES;
				CLANG_WARN_COMMA = YES;
				CLANG_WARN_CONSTANT_CONVERSION = YES;
				CLANG_WARN_DEPRECATED_OBJC_IMPLEMENTATIONS = YES;
				CLANG_WARN_DIRECT_OBJC_ISA_USAGE = YES_ERROR;
				CLANG_WARN_DOCUMENTATION_COMMENTS = YES;
				CLANG_WARN_EMPTY_BODY = YES;
				CLANG_WARN_ENUM_CONVERSION = YES;
				CLANG_WARN_INFINITE_RECURSION = YES;
				CLANG_WARN_INT_CONVERSION = YES;
				CLANG_WARN_NON_LITERAL_NULL_CONVERSION = YES;
				CLANG_WARN_OBJC_IMPLICIT_RETAIN_SELF = YES;
				CLANG_WARN_OBJC_LITERAL_CONVERSION = YES;
				CLANG_WARN_OBJC_ROOT_CLASS = YES_ERROR;
				CLANG_WARN_RANGE_LOOP_ANALYSIS = YES;
				CLANG_WARN_STRICT_PROTOTYPES = YES;
				CLANG_WARN_SUSPICIOUS_MOVE = YES;
				CLANG_WARN_UNGUARDED_AVAILABILITY = YES_AGGRESSIVE;
				CLANG_WARN_UNREACHABLE_CODE = YES;
				CLANG_WARN__DUPLICATE_METHOD_MATCH = YES;
				CODE_SIGN_IDENTITY = "iPhone Developer";
				COPY_PHASE_STRIP = NO;
				DEBUG_INFORMATION_FORMAT = "dwarf-with-dsym";
				ENABLE_NS_ASSERTIONS = NO;
				ENABLE_STRICT_OBJC_MSGSEND = YES;
				GCC_C_LANGUAGE_STANDARD = gnu11;
				GCC_NO_COMMON_BLOCKS = YES;
				GCC_WARN_64_TO_32_BIT_CONVERSION = YES;
				GCC_WARN_ABOUT_RETURN_TYPE = YES_ERROR;
				GCC_WARN_UNDECLARED_SELECTOR = YES;
				GCC_WARN_UNINITIALIZED_AUTOS = YES_AGGRESSIVE;
				GCC_WARN_UNUSED_FUNCTION = YES;
				GCC_WARN_UNUSED_VARIABLE = YES;
				IPHONEOS_DEPLOYMENT_TARGET = 12.1;
				MTL_ENABLE_DEBUG_INFO = NO;
				MTL_FAST_MATH = YES;
				SDKROOT = iphoneos;
				SWIFT_COMPILATION_MODE = wholemodule;
				SWIFT_OPTIMIZATION_LEVEL = "-O";
				VALIDATE_PRODUCT = YES;
			};
			name = Release;
		};
		C1CF12E122BF3594004E89D8 /* Debug */ = {
			isa = XCBuildConfiguration;
			baseConfigurationReference = C5995D8359F829BCCADC31B8 /* Pods-TSF Connnect.debug.xcconfig */;
			buildSettings = {
				ASSETCATALOG_COMPILER_APPICON_NAME = AppIcon;
				CLANG_ENABLE_MODULES = YES;
				CODE_SIGN_STYLE = Automatic;
				DEVELOPMENT_TEAM = G2UH4X84TC;
				INFOPLIST_FILE = "TSF Connnect/Info.plist";
				LD_RUNPATH_SEARCH_PATHS = (
					"$(inherited)",
					"@executable_path/Frameworks",
				);
				PRODUCT_BUNDLE_IDENTIFIER = "TSF.TSF-Connnect";
				PRODUCT_NAME = "$(TARGET_NAME)";
				SWIFT_OBJC_BRIDGING_HEADER = "TSF Connnect/TSF Connnect-Bridging-Header.h";
				SWIFT_OPTIMIZATION_LEVEL = "-Onone";
				SWIFT_VERSION = 4.2;
				TARGETED_DEVICE_FAMILY = "1,2";
			};
			name = Debug;
		};
		C1CF12E222BF3594004E89D8 /* Release */ = {
			isa = XCBuildConfiguration;
			baseConfigurationReference = 90A4A6D9E1B5215E7B5035FD /* Pods-TSF Connnect.release.xcconfig */;
			buildSettings = {
				ASSETCATALOG_COMPILER_APPICON_NAME = AppIcon;
				CLANG_ENABLE_MODULES = YES;
				CODE_SIGN_STYLE = Automatic;
				DEVELOPMENT_TEAM = G2UH4X84TC;
				INFOPLIST_FILE = "TSF Connnect/Info.plist";
				LD_RUNPATH_SEARCH_PATHS = (
					"$(inherited)",
					"@executable_path/Frameworks",
				);
				PRODUCT_BUNDLE_IDENTIFIER = "TSF.TSF-Connnect";
				PRODUCT_NAME = "$(TARGET_NAME)";
				SWIFT_OBJC_BRIDGING_HEADER = "TSF Connnect/TSF Connnect-Bridging-Header.h";
				SWIFT_VERSION = 4.2;
				TARGETED_DEVICE_FAMILY = "1,2";
			};
			name = Release;
		};
		C1CF12E422BF3594004E89D8 /* Debug */ = {
			isa = XCBuildConfiguration;
			baseConfigurationReference = 01CEB6F70087B3B8277B03AF /* Pods-TSF ConnnectTests.debug.xcconfig */;
			buildSettings = {
				ALWAYS_EMBED_SWIFT_STANDARD_LIBRARIES = YES;
				BUNDLE_LOADER = "$(TEST_HOST)";
				CODE_SIGN_STYLE = Automatic;
				INFOPLIST_FILE = "TSF ConnnectTests/Info.plist";
				LD_RUNPATH_SEARCH_PATHS = (
					"$(inherited)",
					"@executable_path/Frameworks",
					"@loader_path/Frameworks",
				);
				PRODUCT_BUNDLE_IDENTIFIER = "TSF.TSF-ConnnectTests";
				PRODUCT_NAME = "$(TARGET_NAME)";
				SWIFT_VERSION = 4.2;
				TARGETED_DEVICE_FAMILY = "1,2";
				TEST_HOST = "$(BUILT_PRODUCTS_DIR)/TSF Connnect.app/TSF Connnect";
			};
			name = Debug;
		};
		C1CF12E522BF3594004E89D8 /* Release */ = {
			isa = XCBuildConfiguration;
			baseConfigurationReference = C17436B7F3391E1B527A2E2D /* Pods-TSF ConnnectTests.release.xcconfig */;
			buildSettings = {
				ALWAYS_EMBED_SWIFT_STANDARD_LIBRARIES = YES;
				BUNDLE_LOADER = "$(TEST_HOST)";
				CODE_SIGN_STYLE = Automatic;
				INFOPLIST_FILE = "TSF ConnnectTests/Info.plist";
				LD_RUNPATH_SEARCH_PATHS = (
					"$(inherited)",
					"@executable_path/Frameworks",
					"@loader_path/Frameworks",
				);
				PRODUCT_BUNDLE_IDENTIFIER = "TSF.TSF-ConnnectTests";
				PRODUCT_NAME = "$(TARGET_NAME)";
				SWIFT_VERSION = 4.2;
				TARGETED_DEVICE_FAMILY = "1,2";
				TEST_HOST = "$(BUILT_PRODUCTS_DIR)/TSF Connnect.app/TSF Connnect";
			};
			name = Release;
		};
		C1CF12E722BF3594004E89D8 /* Debug */ = {
			isa = XCBuildConfiguration;
			baseConfigurationReference = B52ECF2B3050AB0904835BA1 /* Pods-TSF ConnnectUITests.debug.xcconfig */;
			buildSettings = {
				ALWAYS_EMBED_SWIFT_STANDARD_LIBRARIES = YES;
				CODE_SIGN_STYLE = Automatic;
				INFOPLIST_FILE = "TSF ConnnectUITests/Info.plist";
				LD_RUNPATH_SEARCH_PATHS = (
					"$(inherited)",
					"@executable_path/Frameworks",
					"@loader_path/Frameworks",
				);
				PRODUCT_BUNDLE_IDENTIFIER = "TSF.TSF-ConnnectUITests";
				PRODUCT_NAME = "$(TARGET_NAME)";
				SWIFT_VERSION = 4.2;
				TARGETED_DEVICE_FAMILY = "1,2";
				TEST_TARGET_NAME = "TSF Connnect";
			};
			name = Debug;
		};
		C1CF12E822BF3594004E89D8 /* Release */ = {
			isa = XCBuildConfiguration;
			baseConfigurationReference = 042D9DA7DFC11961EE73A298 /* Pods-TSF ConnnectUITests.release.xcconfig */;
			buildSettings = {
				ALWAYS_EMBED_SWIFT_STANDARD_LIBRARIES = YES;
				CODE_SIGN_STYLE = Automatic;
				INFOPLIST_FILE = "TSF ConnnectUITests/Info.plist";
				LD_RUNPATH_SEARCH_PATHS = (
					"$(inherited)",
					"@executable_path/Frameworks",
					"@loader_path/Frameworks",
				);
				PRODUCT_BUNDLE_IDENTIFIER = "TSF.TSF-ConnnectUITests";
				PRODUCT_NAME = "$(TARGET_NAME)";
				SWIFT_VERSION = 4.2;
				TARGETED_DEVICE_FAMILY = "1,2";
				TEST_TARGET_NAME = "TSF Connnect";
			};
			name = Release;
		};
/* End XCBuildConfiguration section */

/* Begin XCConfigurationList section */
		C1CF12B022BF3590004E89D8 /* Build configuration list for PBXProject "TSF Connnect" */ = {
			isa = XCConfigurationList;
			buildConfigurations = (
				C1CF12DE22BF3594004E89D8 /* Debug */,
				C1CF12DF22BF3594004E89D8 /* Release */,
			);
			defaultConfigurationIsVisible = 0;
			defaultConfigurationName = Release;
		};
		C1CF12E022BF3594004E89D8 /* Build configuration list for PBXNativeTarget "TSF Connnect" */ = {
			isa = XCConfigurationList;
			buildConfigurations = (
				C1CF12E122BF3594004E89D8 /* Debug */,
				C1CF12E222BF3594004E89D8 /* Release */,
			);
			defaultConfigurationIsVisible = 0;
			defaultConfigurationName = Release;
		};
		C1CF12E322BF3594004E89D8 /* Build configuration list for PBXNativeTarget "TSF ConnnectTests" */ = {
			isa = XCConfigurationList;
			buildConfigurations = (
				C1CF12E422BF3594004E89D8 /* Debug */,
				C1CF12E522BF3594004E89D8 /* Release */,
			);
			defaultConfigurationIsVisible = 0;
			defaultConfigurationName = Release;
		};
		C1CF12E622BF3594004E89D8 /* Build configuration list for PBXNativeTarget "TSF ConnnectUITests" */ = {
			isa = XCConfigurationList;
			buildConfigurations = (
				C1CF12E722BF3594004E89D8 /* Debug */,
				C1CF12E822BF3594004E89D8 /* Release */,
			);
			defaultConfigurationIsVisible = 0;
			defaultConfigurationName = Release;
		};
/* End XCConfigurationList section */

/* Begin XCVersionGroup section */
		C1CF12BF22BF3591004E89D8 /* TSF_Connnect.xcdatamodeld */ = {
			isa = XCVersionGroup;
			children = (
				C1CF12C022BF3591004E89D8 /* TSF_Connnect.xcdatamodel */,
			);
			currentVersion = C1CF12C022BF3591004E89D8 /* TSF_Connnect.xcdatamodel */;
			path = TSF_Connnect.xcdatamodeld;
			sourceTree = "<group>";
			versionGroupType = wrapper.xcdatamodel;
		};
/* End XCVersionGroup section */
	};
	rootObject = C1CF12AD22BF3590004E89D8 /* Project object */;
}
